
Microsoft Visual Studio Solution File, Format Version 12.00
# Visual Studio 15
VisualStudioVersion = 15.0.26430.16
MinimumVisualStudioVersion = 10.0.40219.1
Project("{FAE04EC0-301F-11D3-BF4B-00C04F79EFBC}") = "Elogstation.Android", "Elogstation\Elogstation.Android\Elogstation.Android.csproj", "{E7AA7A99-A2D9-48DF-8B83-34839FC708A1}"
EndProject
Project("{FAE04EC0-301F-11D3-BF4B-00C04F79EFBC}") = "Elogstation", "Elogstation\Elogstation\Elogstation.csproj", "{7130EDBF-0164-4010-9F50-4CDA1B762C00}"
EndProject
Project("{FAE04EC0-301F-11D3-BF4B-00C04F79EFBC}") = "Elogstation.UWP", "Elogstation\Elogstation.UWP\Elogstation.UWP.csproj", "{44A3D53A-55C3-490E-ACB4-4525C96C20DA}"
EndProject
Project("{FAE04EC0-301F-11D3-BF4B-00C04F79EFBC}") = "Elogstation.iOS", "Elogstation\Elogstation.iOS\Elogstation.iOS.csproj", "{70BD4326-6CAE-47F8-9E64-93F3C6BAEAF1}"
EndProject
Global
	GlobalSection(SolutionConfigurationPlatforms) = preSolution
		Ad-Hoc|Any CPU = Ad-Hoc|Any CPU
		Ad-Hoc|ARM = Ad-Hoc|ARM
		Ad-Hoc|iPhone = Ad-Hoc|iPhone
		Ad-Hoc|iPhoneSimulator = Ad-Hoc|iPhoneSimulator
		Ad-Hoc|x64 = Ad-Hoc|x64
		Ad-Hoc|x86 = Ad-Hoc|x86
		AppStore|Any CPU = AppStore|Any CPU
		AppStore|ARM = AppStore|ARM
		AppStore|iPhone = AppStore|iPhone
		AppStore|iPhoneSimulator = AppStore|iPhoneSimulator
		AppStore|x64 = AppStore|x64
		AppStore|x86 = AppStore|x86
		Debug|Any CPU = Debug|Any CPU
		Debug|ARM = Debug|ARM
		Debug|iPhone = Debug|iPhone
		Debug|iPhoneSimulator = Debug|iPhoneSimulator
		Debug|x64 = Debug|x64
		Debug|x86 = Debug|x86
		Release|Any CPU = Release|Any CPU
		Release|ARM = Release|ARM
		Release|iPhone = Release|iPhone
		Release|iPhoneSimulator = Release|iPhoneSimulator
		Release|x64 = Release|x64
		Release|x86 = Release|x86
	EndGlobalSection
	GlobalSection(ProjectConfigurationPlatforms) = postSolution
		{E7AA7A99-A2D9-48DF-8B83-34839FC708A1}.Ad-Hoc|Any CPU.ActiveCfg = Release|Any CPU
		{E7AA7A99-A2D9-48DF-8B83-34839FC708A1}.Ad-Hoc|Any CPU.Build.0 = Release|Any CPU
		{E7AA7A99-A2D9-48DF-8B83-34839FC708A1}.Ad-Hoc|Any CPU.Deploy.0 = Release|Any CPU
		{E7AA7A99-A2D9-48DF-8B83-34839FC708A1}.Ad-Hoc|ARM.ActiveCfg = Release|Any CPU
		{E7AA7A99-A2D9-48DF-8B83-34839FC708A1}.Ad-Hoc|ARM.Build.0 = Release|Any CPU
		{E7AA7A99-A2D9-48DF-8B83-34839FC708A1}.Ad-Hoc|ARM.Deploy.0 = Release|Any CPU
		{E7AA7A99-A2D9-48DF-8B83-34839FC708A1}.Ad-Hoc|iPhone.ActiveCfg = Release|Any CPU
		{E7AA7A99-A2D9-48DF-8B83-34839FC708A1}.Ad-Hoc|iPhone.Build.0 = Release|Any CPU
		{E7AA7A99-A2D9-48DF-8B83-34839FC708A1}.Ad-Hoc|iPhone.Deploy.0 = Release|Any CPU
		{E7AA7A99-A2D9-48DF-8B83-34839FC708A1}.Ad-Hoc|iPhoneSimulator.ActiveCfg = Release|Any CPU
		{E7AA7A99-A2D9-48DF-8B83-34839FC708A1}.Ad-Hoc|iPhoneSimulator.Build.0 = Release|Any CPU
		{E7AA7A99-A2D9-48DF-8B83-34839FC708A1}.Ad-Hoc|iPhoneSimulator.Deploy.0 = Release|Any CPU
		{E7AA7A99-A2D9-48DF-8B83-34839FC708A1}.Ad-Hoc|x64.ActiveCfg = Release|Any CPU
		{E7AA7A99-A2D9-48DF-8B83-34839FC708A1}.Ad-Hoc|x64.Build.0 = Release|Any CPU
		{E7AA7A99-A2D9-48DF-8B83-34839FC708A1}.Ad-Hoc|x64.Deploy.0 = Release|Any CPU
		{E7AA7A99-A2D9-48DF-8B83-34839FC708A1}.Ad-Hoc|x86.ActiveCfg = Release|Any CPU
		{E7AA7A99-A2D9-48DF-8B83-34839FC708A1}.Ad-Hoc|x86.Build.0 = Release|Any CPU
		{E7AA7A99-A2D9-48DF-8B83-34839FC708A1}.Ad-Hoc|x86.Deploy.0 = Release|Any CPU
		{E7AA7A99-A2D9-48DF-8B83-34839FC708A1}.AppStore|Any CPU.ActiveCfg = Release|Any CPU
		{E7AA7A99-A2D9-48DF-8B83-34839FC708A1}.AppStore|Any CPU.Build.0 = Release|Any CPU
		{E7AA7A99-A2D9-48DF-8B83-34839FC708A1}.AppStore|Any CPU.Deploy.0 = Release|Any CPU
		{E7AA7A99-A2D9-48DF-8B83-34839FC708A1}.AppStore|ARM.ActiveCfg = Release|Any CPU
		{E7AA7A99-A2D9-48DF-8B83-34839FC708A1}.AppStore|ARM.Build.0 = Release|Any CPU
		{E7AA7A99-A2D9-48DF-8B83-34839FC708A1}.AppStore|ARM.Deploy.0 = Release|Any CPU
		{E7AA7A99-A2D9-48DF-8B83-34839FC708A1}.AppStore|iPhone.ActiveCfg = Release|Any CPU
		{E7AA7A99-A2D9-48DF-8B83-34839FC708A1}.AppStore|iPhone.Build.0 = Release|Any CPU
		{E7AA7A99-A2D9-48DF-8B83-34839FC708A1}.AppStore|iPhone.Deploy.0 = Release|Any CPU
		{E7AA7A99-A2D9-48DF-8B83-34839FC708A1}.AppStore|iPhoneSimulator.ActiveCfg = Release|Any CPU
		{E7AA7A99-A2D9-48DF-8B83-34839FC708A1}.AppStore|iPhoneSimulator.Build.0 = Release|Any CPU
		{E7AA7A99-A2D9-48DF-8B83-34839FC708A1}.AppStore|iPhoneSimulator.Deploy.0 = Release|Any CPU
		{E7AA7A99-A2D9-48DF-8B83-34839FC708A1}.AppStore|x64.ActiveCfg = Release|Any CPU
		{E7AA7A99-A2D9-48DF-8B83-34839FC708A1}.AppStore|x64.Build.0 = Release|Any CPU
		{E7AA7A99-A2D9-48DF-8B83-34839FC708A1}.AppStore|x64.Deploy.0 = Release|Any CPU
		{E7AA7A99-A2D9-48DF-8B83-34839FC708A1}.AppStore|x86.ActiveCfg = Release|Any CPU
		{E7AA7A99-A2D9-48DF-8B83-34839FC708A1}.AppStore|x86.Build.0 = Release|Any CPU
		{E7AA7A99-A2D9-48DF-8B83-34839FC708A1}.AppStore|x86.Deploy.0 = Release|Any CPU
		{E7AA7A99-A2D9-48DF-8B83-34839FC708A1}.Debug|Any CPU.ActiveCfg = Debug|Any CPU
		{E7AA7A99-A2D9-48DF-8B83-34839FC708A1}.Debug|Any CPU.Build.0 = Debug|Any CPU
		{E7AA7A99-A2D9-48DF-8B83-34839FC708A1}.Debug|Any CPU.Deploy.0 = Debug|Any CPU
		{E7AA7A99-A2D9-48DF-8B83-34839FC708A1}.Debug|ARM.ActiveCfg = Debug|Any CPU
		{E7AA7A99-A2D9-48DF-8B83-34839FC708A1}.Debug|ARM.Build.0 = Debug|Any CPU
		{E7AA7A99-A2D9-48DF-8B83-34839FC708A1}.Debug|ARM.Deploy.0 = Debug|Any CPU
		{E7AA7A99-A2D9-48DF-8B83-34839FC708A1}.Debug|iPhone.ActiveCfg = Debug|Any CPU
		{E7AA7A99-A2D9-48DF-8B83-34839FC708A1}.Debug|iPhone.Build.0 = Debug|Any CPU
		{E7AA7A99-A2D9-48DF-8B83-34839FC708A1}.Debug|iPhone.Deploy.0 = Debug|Any CPU
		{E7AA7A99-A2D9-48DF-8B83-34839FC708A1}.Debug|iPhoneSimulator.ActiveCfg = Debug|Any CPU
		{E7AA7A99-A2D9-48DF-8B83-34839FC708A1}.Debug|iPhoneSimulator.Build.0 = Debug|Any CPU
		{E7AA7A99-A2D9-48DF-8B83-34839FC708A1}.Debug|iPhoneSimulator.Deploy.0 = Debug|Any CPU
		{E7AA7A99-A2D9-48DF-8B83-34839FC708A1}.Debug|x64.ActiveCfg = Debug|Any CPU
		{E7AA7A99-A2D9-48DF-8B83-34839FC708A1}.Debug|x64.Build.0 = Debug|Any CPU
		{E7AA7A99-A2D9-48DF-8B83-34839FC708A1}.Debug|x64.Deploy.0 = Debug|Any CPU
		{E7AA7A99-A2D9-48DF-8B83-34839FC708A1}.Debug|x86.ActiveCfg = Debug|Any CPU
		{E7AA7A99-A2D9-48DF-8B83-34839FC708A1}.Debug|x86.Build.0 = Debug|Any CPU
		{E7AA7A99-A2D9-48DF-8B83-34839FC708A1}.Debug|x86.Deploy.0 = Debug|Any CPU
		{E7AA7A99-A2D9-48DF-8B83-34839FC708A1}.Release|Any CPU.ActiveCfg = Release|Any CPU
		{E7AA7A99-A2D9-48DF-8B83-34839FC708A1}.Release|Any CPU.Build.0 = Release|Any CPU
		{E7AA7A99-A2D9-48DF-8B83-34839FC708A1}.Release|Any CPU.Deploy.0 = Release|Any CPU
		{E7AA7A99-A2D9-48DF-8B83-34839FC708A1}.Release|ARM.ActiveCfg = Release|Any CPU
		{E7AA7A99-A2D9-48DF-8B83-34839FC708A1}.Release|ARM.Build.0 = Release|Any CPU
		{E7AA7A99-A2D9-48DF-8B83-34839FC708A1}.Release|ARM.Deploy.0 = Release|Any CPU
		{E7AA7A99-A2D9-48DF-8B83-34839FC708A1}.Release|iPhone.ActiveCfg = Release|Any CPU
		{E7AA7A99-A2D9-48DF-8B83-34839FC708A1}.Release|iPhone.Build.0 = Release|Any CPU
		{E7AA7A99-A2D9-48DF-8B83-34839FC708A1}.Release|iPhone.Deploy.0 = Release|Any CPU
		{E7AA7A99-A2D9-48DF-8B83-34839FC708A1}.Release|iPhoneSimulator.ActiveCfg = Release|Any CPU
		{E7AA7A99-A2D9-48DF-8B83-34839FC708A1}.Release|iPhoneSimulator.Build.0 = Release|Any CPU
		{E7AA7A99-A2D9-48DF-8B83-34839FC708A1}.Release|iPhoneSimulator.Deploy.0 = Release|Any CPU
		{E7AA7A99-A2D9-48DF-8B83-34839FC708A1}.Release|x64.ActiveCfg = Release|Any CPU
		{E7AA7A99-A2D9-48DF-8B83-34839FC708A1}.Release|x64.Build.0 = Release|Any CPU
		{E7AA7A99-A2D9-48DF-8B83-34839FC708A1}.Release|x64.Deploy.0 = Release|Any CPU
		{E7AA7A99-A2D9-48DF-8B83-34839FC708A1}.Release|x86.ActiveCfg = Release|Any CPU
		{E7AA7A99-A2D9-48DF-8B83-34839FC708A1}.Release|x86.Build.0 = Release|Any CPU
		{E7AA7A99-A2D9-48DF-8B83-34839FC708A1}.Release|x86.Deploy.0 = Release|Any CPU
		{7130EDBF-0164-4010-9F50-4CDA1B762C00}.Ad-Hoc|Any CPU.ActiveCfg = Release|Any CPU
		{7130EDBF-0164-4010-9F50-4CDA1B762C00}.Ad-Hoc|Any CPU.Build.0 = Release|Any CPU
		{7130EDBF-0164-4010-9F50-4CDA1B762C00}.Ad-Hoc|ARM.ActiveCfg = Release|Any CPU
		{7130EDBF-0164-4010-9F50-4CDA1B762C00}.Ad-Hoc|ARM.Build.0 = Release|Any CPU
		{7130EDBF-0164-4010-9F50-4CDA1B762C00}.Ad-Hoc|iPhone.ActiveCfg = Release|Any CPU
		{7130EDBF-0164-4010-9F50-4CDA1B762C00}.Ad-Hoc|iPhone.Build.0 = Release|Any CPU
		{7130EDBF-0164-4010-9F50-4CDA1B762C00}.Ad-Hoc|iPhoneSimulator.ActiveCfg = Release|Any CPU
		{7130EDBF-0164-4010-9F50-4CDA1B762C00}.Ad-Hoc|iPhoneSimulator.Build.0 = Release|Any CPU
		{7130EDBF-0164-4010-9F50-4CDA1B762C00}.Ad-Hoc|x64.ActiveCfg = Release|Any CPU
		{7130EDBF-0164-4010-9F50-4CDA1B762C00}.Ad-Hoc|x64.Build.0 = Release|Any CPU
		{7130EDBF-0164-4010-9F50-4CDA1B762C00}.Ad-Hoc|x86.ActiveCfg = Release|Any CPU
		{7130EDBF-0164-4010-9F50-4CDA1B762C00}.Ad-Hoc|x86.Build.0 = Release|Any CPU
		{7130EDBF-0164-4010-9F50-4CDA1B762C00}.AppStore|Any CPU.ActiveCfg = Release|Any CPU
		{7130EDBF-0164-4010-9F50-4CDA1B762C00}.AppStore|Any CPU.Build.0 = Release|Any CPU
		{7130EDBF-0164-4010-9F50-4CDA1B762C00}.AppStore|ARM.ActiveCfg = Release|Any CPU
		{7130EDBF-0164-4010-9F50-4CDA1B762C00}.AppStore|ARM.Build.0 = Release|Any CPU
		{7130EDBF-0164-4010-9F50-4CDA1B762C00}.AppStore|iPhone.ActiveCfg = Release|Any CPU
		{7130EDBF-0164-4010-9F50-4CDA1B762C00}.AppStore|iPhone.Build.0 = Release|Any CPU
		{7130EDBF-0164-4010-9F50-4CDA1B762C00}.AppStore|iPhoneSimulator.ActiveCfg = Release|Any CPU
		{7130EDBF-0164-4010-9F50-4CDA1B762C00}.AppStore|iPhoneSimulator.Build.0 = Release|Any CPU
		{7130EDBF-0164-4010-9F50-4CDA1B762C00}.AppStore|x64.ActiveCfg = Release|Any CPU
		{7130EDBF-0164-4010-9F50-4CDA1B762C00}.AppStore|x64.Build.0 = Release|Any CPU
		{7130EDBF-0164-4010-9F50-4CDA1B762C00}.AppStore|x86.ActiveCfg = Release|Any CPU
		{7130EDBF-0164-4010-9F50-4CDA1B762C00}.AppStore|x86.Build.0 = Release|Any CPU
		{7130EDBF-0164-4010-9F50-4CDA1B762C00}.Debug|Any CPU.ActiveCfg = Debug|Any CPU
		{7130EDBF-0164-4010-9F50-4CDA1B762C00}.Debug|Any CPU.Build.0 = Debug|Any CPU
		{7130EDBF-0164-4010-9F50-4CDA1B762C00}.Debug|ARM.ActiveCfg = Debug|Any CPU
		{7130EDBF-0164-4010-9F50-4CDA1B762C00}.Debug|ARM.Build.0 = Debug|Any CPU
		{7130EDBF-0164-4010-9F50-4CDA1B762C00}.Debug|iPhone.ActiveCfg = Debug|Any CPU
		{7130EDBF-0164-4010-9F50-4CDA1B762C00}.Debug|iPhone.Build.0 = Debug|Any CPU
		{7130EDBF-0164-4010-9F50-4CDA1B762C00}.Debug|iPhoneSimulator.ActiveCfg = Debug|Any CPU
		{7130EDBF-0164-4010-9F50-4CDA1B762C00}.Debug|iPhoneSimulator.Build.0 = Debug|Any CPU
		{7130EDBF-0164-4010-9F50-4CDA1B762C00}.Debug|x64.ActiveCfg = Debug|Any CPU
		{7130EDBF-0164-4010-9F50-4CDA1B762C00}.Debug|x64.Build.0 = Debug|Any CPU
		{7130EDBF-0164-4010-9F50-4CDA1B762C00}.Debug|x86.ActiveCfg = Debug|Any CPU
		{7130EDBF-0164-4010-9F50-4CDA1B762C00}.Debug|x86.Build.0 = Debug|Any CPU
		{7130EDBF-0164-4010-9F50-4CDA1B762C00}.Release|Any CPU.ActiveCfg = Release|Any CPU
		{7130EDBF-0164-4010-9F50-4CDA1B762C00}.Release|Any CPU.Build.0 = Release|Any CPU
		{7130EDBF-0164-4010-9F50-4CDA1B762C00}.Release|ARM.ActiveCfg = Release|Any CPU
		{7130EDBF-0164-4010-9F50-4CDA1B762C00}.Release|ARM.Build.0 = Release|Any CPU
		{7130EDBF-0164-4010-9F50-4CDA1B762C00}.Release|iPhone.ActiveCfg = Release|Any CPU
		{7130EDBF-0164-4010-9F50-4CDA1B762C00}.Release|iPhone.Build.0 = Release|Any CPU
		{7130EDBF-0164-4010-9F50-4CDA1B762C00}.Release|iPhoneSimulator.ActiveCfg = Release|Any CPU
		{7130EDBF-0164-4010-9F50-4CDA1B762C00}.Release|iPhoneSimulator.Build.0 = Release|Any CPU
		{7130EDBF-0164-4010-9F50-4CDA1B762C00}.Release|x64.ActiveCfg = Release|Any CPU
		{7130EDBF-0164-4010-9F50-4CDA1B762C00}.Release|x64.Build.0 = Release|Any CPU
		{7130EDBF-0164-4010-9F50-4CDA1B762C00}.Release|x86.ActiveCfg = Release|Any CPU
		{7130EDBF-0164-4010-9F50-4CDA1B762C00}.Release|x86.Build.0 = Release|Any CPU
		{44A3D53A-55C3-490E-ACB4-4525C96C20DA}.Ad-Hoc|Any CPU.ActiveCfg = Release|x86
		{44A3D53A-55C3-490E-ACB4-4525C96C20DA}.Ad-Hoc|Any CPU.Build.0 = Release|x86
		{44A3D53A-55C3-490E-ACB4-4525C96C20DA}.Ad-Hoc|Any CPU.Deploy.0 = Release|x86
		{44A3D53A-55C3-490E-ACB4-4525C96C20DA}.Ad-Hoc|ARM.ActiveCfg = Release|ARM
		{44A3D53A-55C3-490E-ACB4-4525C96C20DA}.Ad-Hoc|ARM.Build.0 = Release|ARM
		{44A3D53A-55C3-490E-ACB4-4525C96C20DA}.Ad-Hoc|ARM.Deploy.0 = Release|ARM
		{44A3D53A-55C3-490E-ACB4-4525C96C20DA}.Ad-Hoc|iPhone.ActiveCfg = Release|x86
		{44A3D53A-55C3-490E-ACB4-4525C96C20DA}.Ad-Hoc|iPhone.Build.0 = Release|x86
		{44A3D53A-55C3-490E-ACB4-4525C96C20DA}.Ad-Hoc|iPhone.Deploy.0 = Release|x86
		{44A3D53A-55C3-490E-ACB4-4525C96C20DA}.Ad-Hoc|iPhoneSimulator.ActiveCfg = Release|x86
		{44A3D53A-55C3-490E-ACB4-4525C96C20DA}.Ad-Hoc|iPhoneSimulator.Build.0 = Release|x86
		{44A3D53A-55C3-490E-ACB4-4525C96C20DA}.Ad-Hoc|iPhoneSimulator.Deploy.0 = Release|x86
		{44A3D53A-55C3-490E-ACB4-4525C96C20DA}.Ad-Hoc|x64.ActiveCfg = Release|x64
		{44A3D53A-55C3-490E-ACB4-4525C96C20DA}.Ad-Hoc|x64.Build.0 = Release|x64
		{44A3D53A-55C3-490E-ACB4-4525C96C20DA}.Ad-Hoc|x64.Deploy.0 = Release|x64
		{44A3D53A-55C3-490E-ACB4-4525C96C20DA}.Ad-Hoc|x86.ActiveCfg = Release|x86
		{44A3D53A-55C3-490E-ACB4-4525C96C20DA}.Ad-Hoc|x86.Build.0 = Release|x86
		{44A3D53A-55C3-490E-ACB4-4525C96C20DA}.Ad-Hoc|x86.Deploy.0 = Release|x86
		{44A3D53A-55C3-490E-ACB4-4525C96C20DA}.AppStore|Any CPU.ActiveCfg = Release|x86
		{44A3D53A-55C3-490E-ACB4-4525C96C20DA}.AppStore|Any CPU.Build.0 = Release|x86
		{44A3D53A-55C3-490E-ACB4-4525C96C20DA}.AppStore|Any CPU.Deploy.0 = Release|x86
		{44A3D53A-55C3-490E-ACB4-4525C96C20DA}.AppStore|ARM.ActiveCfg = Release|ARM
		{44A3D53A-55C3-490E-ACB4-4525C96C20DA}.AppStore|ARM.Build.0 = Release|ARM
		{44A3D53A-55C3-490E-ACB4-4525C96C20DA}.AppStore|ARM.Deploy.0 = Release|ARM
		{44A3D53A-55C3-490E-ACB4-4525C96C20DA}.AppStore|iPhone.ActiveCfg = Release|x86
		{44A3D53A-55C3-490E-ACB4-4525C96C20DA}.AppStore|iPhone.Build.0 = Release|x86
		{44A3D53A-55C3-490E-ACB4-4525C96C20DA}.AppStore|iPhone.Deploy.0 = Release|x86
		{44A3D53A-55C3-490E-ACB4-4525C96C20DA}.AppStore|iPhoneSimulator.ActiveCfg = Release|x86
		{44A3D53A-55C3-490E-ACB4-4525C96C20DA}.AppStore|iPhoneSimulator.Build.0 = Release|x86
		{44A3D53A-55C3-490E-ACB4-4525C96C20DA}.AppStore|iPhoneSimulator.Deploy.0 = Release|x86
		{44A3D53A-55C3-490E-ACB4-4525C96C20DA}.AppStore|x64.ActiveCfg = Release|x64
		{44A3D53A-55C3-490E-ACB4-4525C96C20DA}.AppStore|x64.Build.0 = Release|x64
		{44A3D53A-55C3-490E-ACB4-4525C96C20DA}.AppStore|x64.Deploy.0 = Release|x64
		{44A3D53A-55C3-490E-ACB4-4525C96C20DA}.AppStore|x86.ActiveCfg = Release|x86
		{44A3D53A-55C3-490E-ACB4-4525C96C20DA}.AppStore|x86.Build.0 = Release|x86
		{44A3D53A-55C3-490E-ACB4-4525C96C20DA}.AppStore|x86.Deploy.0 = Release|x86
		{44A3D53A-55C3-490E-ACB4-4525C96C20DA}.Debug|Any CPU.ActiveCfg = Debug|x86
		{44A3D53A-55C3-490E-ACB4-4525C96C20DA}.Debug|ARM.ActiveCfg = Debug|ARM
		{44A3D53A-55C3-490E-ACB4-4525C96C20DA}.Debug|ARM.Build.0 = Debug|ARM
		{44A3D53A-55C3-490E-ACB4-4525C96C20DA}.Debug|ARM.Deploy.0 = Debug|ARM
		{44A3D53A-55C3-490E-ACB4-4525C96C20DA}.Debug|iPhone.ActiveCfg = Debug|x86
		{44A3D53A-55C3-490E-ACB4-4525C96C20DA}.Debug|iPhoneSimulator.ActiveCfg = Debug|x86
		{44A3D53A-55C3-490E-ACB4-4525C96C20DA}.Debug|x64.ActiveCfg = Debug|x64
		{44A3D53A-55C3-490E-ACB4-4525C96C20DA}.Debug|x64.Build.0 = Debug|x64
		{44A3D53A-55C3-490E-ACB4-4525C96C20DA}.Debug|x64.Deploy.0 = Debug|x64
		{44A3D53A-55C3-490E-ACB4-4525C96C20DA}.Debug|x86.ActiveCfg = Debug|x86
		{44A3D53A-55C3-490E-ACB4-4525C96C20DA}.Debug|x86.Build.0 = Debug|x86
		{44A3D53A-55C3-490E-ACB4-4525C96C20DA}.Debug|x86.Deploy.0 = Debug|x86
		{44A3D53A-55C3-490E-ACB4-4525C96C20DA}.Release|Any CPU.ActiveCfg = Release|x86
		{44A3D53A-55C3-490E-ACB4-4525C96C20DA}.Release|ARM.ActiveCfg = Release|ARM
		{44A3D53A-55C3-490E-ACB4-4525C96C20DA}.Release|ARM.Build.0 = Release|ARM
		{44A3D53A-55C3-490E-ACB4-4525C96C20DA}.Release|ARM.Deploy.0 = Release|ARM
		{44A3D53A-55C3-490E-ACB4-4525C96C20DA}.Release|iPhone.ActiveCfg = Release|x86
		{44A3D53A-55C3-490E-ACB4-4525C96C20DA}.Release|iPhoneSimulator.ActiveCfg = Release|x86
		{44A3D53A-55C3-490E-ACB4-4525C96C20DA}.Release|x64.ActiveCfg = Release|x64
		{44A3D53A-55C3-490E-ACB4-4525C96C20DA}.Release|x64.Build.0 = Release|x64
		{44A3D53A-55C3-490E-ACB4-4525C96C20DA}.Release|x64.Deploy.0 = Release|x64
		{44A3D53A-55C3-490E-ACB4-4525C96C20DA}.Release|x86.ActiveCfg = Release|x86
		{44A3D53A-55C3-490E-ACB4-4525C96C20DA}.Release|x86.Build.0 = Release|x86
		{44A3D53A-55C3-490E-ACB4-4525C96C20DA}.Release|x86.Deploy.0 = Release|x86
		{70BD4326-6CAE-47F8-9E64-93F3C6BAEAF1}.Ad-Hoc|Any CPU.ActiveCfg = Ad-Hoc|iPhone
		{70BD4326-6CAE-47F8-9E64-93F3C6BAEAF1}.Ad-Hoc|ARM.ActiveCfg = Ad-Hoc|iPhone
		{70BD4326-6CAE-47F8-9E64-93F3C6BAEAF1}.Ad-Hoc|iPhone.ActiveCfg = Ad-Hoc|iPhone
		{70BD4326-6CAE-47F8-9E64-93F3C6BAEAF1}.Ad-Hoc|iPhone.Build.0 = Ad-Hoc|iPhone
		{70BD4326-6CAE-47F8-9E64-93F3C6BAEAF1}.Ad-Hoc|iPhoneSimulator.ActiveCfg = Ad-Hoc|iPhoneSimulator
		{70BD4326-6CAE-47F8-9E64-93F3C6BAEAF1}.Ad-Hoc|iPhoneSimulator.Build.0 = Ad-Hoc|iPhoneSimulator
		{70BD4326-6CAE-47F8-9E64-93F3C6BAEAF1}.Ad-Hoc|x64.ActiveCfg = Ad-Hoc|iPhone
		{70BD4326-6CAE-47F8-9E64-93F3C6BAEAF1}.Ad-Hoc|x86.ActiveCfg = Ad-Hoc|iPhone
		{70BD4326-6CAE-47F8-9E64-93F3C6BAEAF1}.AppStore|Any CPU.ActiveCfg = AppStore|iPhone
		{70BD4326-6CAE-47F8-9E64-93F3C6BAEAF1}.AppStore|ARM.ActiveCfg = AppStore|iPhone
		{70BD4326-6CAE-47F8-9E64-93F3C6BAEAF1}.AppStore|iPhone.ActiveCfg = AppStore|iPhone
		{70BD4326-6CAE-47F8-9E64-93F3C6BAEAF1}.AppStore|iPhone.Build.0 = AppStore|iPhone
		{70BD4326-6CAE-47F8-9E64-93F3C6BAEAF1}.AppStore|iPhoneSimulator.ActiveCfg = AppStore|iPhoneSimulator
		{70BD4326-6CAE-47F8-9E64-93F3C6BAEAF1}.AppStore|iPhoneSimulator.Build.0 = AppStore|iPhoneSimulator
		{70BD4326-6CAE-47F8-9E64-93F3C6BAEAF1}.AppStore|x64.ActiveCfg = AppStore|iPhone
		{70BD4326-6CAE-47F8-9E64-93F3C6BAEAF1}.AppStore|x86.ActiveCfg = AppStore|iPhone
		{70BD4326-6CAE-47F8-9E64-93F3C6BAEAF1}.Debug|Any CPU.ActiveCfg = Debug|iPhone
		{70BD4326-6CAE-47F8-9E64-93F3C6BAEAF1}.Debug|ARM.ActiveCfg = Debug|iPhone
		{70BD4326-6CAE-47F8-9E64-93F3C6BAEAF1}.Debug|iPhone.ActiveCfg = Debug|iPhone
		{70BD4326-6CAE-47F8-9E64-93F3C6BAEAF1}.Debug|iPhone.Build.0 = Debug|iPhone
		{70BD4326-6CAE-47F8-9E64-93F3C6BAEAF1}.Debug|iPhoneSimulator.ActiveCfg = Debug|iPhoneSimulator
		{70BD4326-6CAE-47F8-9E64-93F3C6BAEAF1}.Debug|iPhoneSimulator.Build.0 = Debug|iPhoneSimulator
		{70BD4326-6CAE-47F8-9E64-93F3C6BAEAF1}.Debug|x64.ActiveCfg = Debug|iPhone
		{70BD4326-6CAE-47F8-9E64-93F3C6BAEAF1}.Debug|x86.ActiveCfg = Debug|iPhone
		{70BD4326-6CAE-47F8-9E64-93F3C6BAEAF1}.Release|Any CPU.ActiveCfg = Release|iPhone
		{70BD4326-6CAE-47F8-9E64-93F3C6BAEAF1}.Release|ARM.ActiveCfg = Release|iPhone
		{70BD4326-6CAE-47F8-9E64-93F3C6BAEAF1}.Release|iPhone.ActiveCfg = Release|iPhone
		{70BD4326-6CAE-47F8-9E64-93F3C6BAEAF1}.Release|iPhone.Build.0 = Release|iPhone
		{70BD4326-6CAE-47F8-9E64-93F3C6BAEAF1}.Release|iPhoneSimulator.ActiveCfg = Release|iPhoneSimulator
		{70BD4326-6CAE-47F8-9E64-93F3C6BAEAF1}.Release|iPhoneSimulator.Build.0 = Release|iPhoneSimulator
		{70BD4326-6CAE-47F8-9E64-93F3C6BAEAF1}.Release|x64.ActiveCfg = Release|iPhone
		{70BD4326-6CAE-47F8-9E64-93F3C6BAEAF1}.Release|x86.ActiveCfg = Release|iPhone
	EndGlobalSection
	GlobalSection(SolutionProperties) = preSolution
		HideSolutionNode = FALSE
	EndGlobalSection
EndGlobal
